// !$*UTF8*$!
{
	archiveVersion = 1;
	classes = {
	};
	objectVersion = 77;
	objects = {

/* Begin PBXAggregateTarget section */
		2A8E10692E747CED00E36BCD /* Publish */ = {
			isa = PBXAggregateTarget;
			buildConfigurationList = 2A8E106A2E747CED00E36BCD /* Build configuration list for PBXAggregateTarget "Publish" */;
			buildPhases = (
				2A8E106D2E747D0000E36BCD /* Publish */,
			);
			dependencies = (
			);
			name = Publish;
			packageProductDependencies = (
			);
			productName = Publish;
		};
/* End PBXAggregateTarget section */

/* Begin PBXBuildFile section */
		2A089FEE2E7459FA0002D255 /* ServiceManagement.framework in Frameworks */ = {isa = PBXBuildFile; fileRef = 2A089FED2E7459FA0002D255 /* ServiceManagement.framework */; };
		2A8E10172E747BDE00E36BCD /* Sparkle in Frameworks */ = {isa = PBXBuildFile; productRef = 2A8E10162E747BDE00E36BCD /* Sparkle */; };
		2A8E11EF2E75710200E36BCD /* IOKit.framework in Frameworks */ = {isa = PBXBuildFile; fileRef = 2A8E11EE2E75710200E36BCD /* IOKit.framework */; };
		2A8E11F12E75710A00E36BCD /* CoreVideo.framework in Frameworks */ = {isa = PBXBuildFile; fileRef = 2A8E11F02E75710A00E36BCD /* CoreVideo.framework */; };
		2A8E11F32E75711100E36BCD /* Cocoa.framework in Frameworks */ = {isa = PBXBuildFile; fileRef = 2A8E11F22E75711100E36BCD /* Cocoa.framework */; };
		2A8E11F52E75711800E36BCD /* AppKit.framework in Frameworks */ = {isa = PBXBuildFile; fileRef = 2A8E11F42E75711800E36BCD /* AppKit.framework */; };
		2A8E11F72E75712000E36BCD /* Foundation.framework in Frameworks */ = {isa = PBXBuildFile; fileRef = 2A8E11F62E75712000E36BCD /* Foundation.framework */; };
/* End PBXBuildFile section */

/* Begin PBXFileReference section */
		2A089FED2E7459FA0002D255 /* ServiceManagement.framework */ = {isa = PBXFileReference; lastKnownFileType = wrapper.framework; name = ServiceManagement.framework; path = System/Library/Frameworks/ServiceManagement.framework; sourceTree = SDKROOT; };
		2A8E11EE2E75710200E36BCD /* IOKit.framework */ = {isa = PBXFileReference; lastKnownFileType = wrapper.framework; name = IOKit.framework; path = System/Library/Frameworks/IOKit.framework; sourceTree = SDKROOT; };
		2A8E11F02E75710A00E36BCD /* CoreVideo.framework */ = {isa = PBXFileReference; lastKnownFileType = wrapper.framework; name = CoreVideo.framework; path = System/Library/Frameworks/CoreVideo.framework; sourceTree = SDKROOT; };
		2A8E11F22E75711100E36BCD /* Cocoa.framework */ = {isa = PBXFileReference; lastKnownFileType = wrapper.framework; name = Cocoa.framework; path = System/Library/Frameworks/Cocoa.framework; sourceTree = SDKROOT; };
		2A8E11F42E75711800E36BCD /* AppKit.framework */ = {isa = PBXFileReference; lastKnownFileType = wrapper.framework; name = AppKit.framework; path = System/Library/Frameworks/AppKit.framework; sourceTree = SDKROOT; };
		2A8E11F62E75712000E36BCD /* Foundation.framework */ = {isa = PBXFileReference; lastKnownFileType = wrapper.framework; name = Foundation.framework; path = System/Library/Frameworks/Foundation.framework; sourceTree = SDKROOT; };
		8D1107320486CEB800E47090 /* Enjoyable.app */ = {isa = PBXFileReference; explicitFileType = wrapper.application; includeInIndex = 0; path = Enjoyable.app; sourceTree = BUILT_PRODUCTS_DIR; };
/* End PBXFileReference section */

/* Begin PBXFileSystemSynchronizedBuildFileExceptionSet section */
		2AA8494B2E7583E500570CBF /* Exceptions for "Enjoyable" folder in "Enjoyable" target */ = {
			isa = PBXFileSystemSynchronizedBuildFileExceptionSet;
			membershipExceptions = (
				"/Localized: Localizable.strings",
				"/Localized: MainMenu.xib",
				Assets.xcassets,
				"Categories/NSError+Description.m",
				"Categories/NSFileManager+UniqueNames.m",
				"Categories/NSMenu+RepresentedObjectAccessors.m",
				"Categories/NSMutableArray+MoveObject.m",
				"Categories/NSOutlineView+ItemAccessors.m",
				"Categories/NSProcessInfo+Debugging.m",
				"Categories/NSRunningApplication+LoginItem.m",
				"Categories/NSRunningApplication+NJPossibleNames.m",
				"Categories/NSString+FixFilename.m",
				"Categories/NSView+FirstResponder.m",
				Classes/EnjoyableApplicationDelegate.m,
				Classes/NJDevice.m,
				Classes/NJDeviceViewController.m,
				Classes/NJHIDManager.m,
				Classes/NJInput.m,
				Classes/NJInputAnalog.m,
				Classes/NJInputButton.m,
				Classes/NJInputController.m,
				Classes/NJInputHat.m,
				Classes/NJInputPathElement.m,
				Classes/NJKeyInputField.m,
				Classes/NJMapping.m,
				Classes/NJMappingMenuController.m,
				Classes/NJMappingsViewController.m,
				Classes/NJOutput.m,
				Classes/NJOutputKeyPress.m,
				Classes/NJOutputMapping.m,
				Classes/NJOutputMouseButton.m,
				Classes/NJOutputMouseMove.m,
				Classes/NJOutputMouseScroll.m,
				Classes/NJOutputViewController.m,
				de.slsoft.Enjoyable.mapping.icns,
				enjoyable.html,
				Info.plist,
				"Other Sources/main.m",
			);
			target = 8D1107260486CEB800E47090 /* Enjoyable */;
		};
/* End PBXFileSystemSynchronizedBuildFileExceptionSet section */

/* Begin PBXFileSystemSynchronizedRootGroup section */
		2AA849452E7583AB00570CBF /* Enjoyable */ = {
			isa = PBXFileSystemSynchronizedRootGroup;
			exceptions = (
				2AA8494B2E7583E500570CBF /* Exceptions for "Enjoyable" folder in "Enjoyable" target */,
			);
			path = Enjoyable;
			sourceTree = "<group>";
		};
/* End PBXFileSystemSynchronizedRootGroup section */

/* Begin PBXFrameworksBuildPhase section */
		8D11072E0486CEB800E47090 /* Frameworks */ = {
			isa = PBXFrameworksBuildPhase;
			buildActionMask = 2147483647;
			files = (
				2A8E10172E747BDE00E36BCD /* Sparkle in Frameworks */,
				2A8E11F32E75711100E36BCD /* Cocoa.framework in Frameworks */,
				2A089FEE2E7459FA0002D255 /* ServiceManagement.framework in Frameworks */,
				2A8E11F52E75711800E36BCD /* AppKit.framework in Frameworks */,
				2A8E11EF2E75710200E36BCD /* IOKit.framework in Frameworks */,
				2A8E11F72E75712000E36BCD /* Foundation.framework in Frameworks */,
				2A8E11F12E75710A00E36BCD /* CoreVideo.framework in Frameworks */,
			);
			runOnlyForDeploymentPostprocessing = 0;
		};
/* End PBXFrameworksBuildPhase section */

/* Begin PBXGroup section */
		19C28FACFE9D520D11CA2CBB /* Products */ = {
			isa = PBXGroup;
			children = (
				8D1107320486CEB800E47090 /* Enjoyable.app */,
			);
			name = Products;
			sourceTree = "<group>";
		};
		29B97314FDCFA39411CA2CEA /* Enjoy */ = {
			isa = PBXGroup;
			children = (
				2AA849452E7583AB00570CBF /* Enjoyable */,
				29B97323FDCFA39411CA2CEA /* Frameworks */,
				19C28FACFE9D520D11CA2CBB /* Products */,
			);
			name = Enjoy;
			sourceTree = "<group>";
		};
		29B97323FDCFA39411CA2CEA /* Frameworks */ = {
			isa = PBXGroup;
			children = (
				2A8E11F62E75712000E36BCD /* Foundation.framework */,
				2A8E11F42E75711800E36BCD /* AppKit.framework */,
				2A8E11F22E75711100E36BCD /* Cocoa.framework */,
				2A8E11F02E75710A00E36BCD /* CoreVideo.framework */,
				2A8E11EE2E75710200E36BCD /* IOKit.framework */,
				2A089FED2E7459FA0002D255 /* ServiceManagement.framework */,
			);
			name = Frameworks;
			sourceTree = "<group>";
		};
/* End PBXGroup section */

/* Begin PBXNativeTarget section */
		8D1107260486CEB800E47090 /* Enjoyable */ = {
			isa = PBXNativeTarget;
			buildConfigurationList = C01FCF4A08A954540054247B /* Build configuration list for PBXNativeTarget "Enjoyable" */;
			buildPhases = (
				8D1107290486CEB800E47090 /* Resources */,
				8D11072C0486CEB800E47090 /* Sources */,
				8D11072E0486CEB800E47090 /* Frameworks */,
				2A8E10132E7478D000E36BCD /* Prepare Build */,
			);
			buildRules = (
			);
			dependencies = (
			);
			name = Enjoyable;
			productInstallPath = "$(HOME)/Applications";
			productName = Enjoy;
			productReference = 8D1107320486CEB800E47090 /* Enjoyable.app */;
			productType = "com.apple.product-type.application";
		};
/* End PBXNativeTarget section */

/* Begin PBXProject section */
		29B97313FDCFA39411CA2CEA /* Project object */ = {
			isa = PBXProject;
			attributes = {
				LastUpgradeCheck = 0610;
				TargetAttributes = {
					2A8E10692E747CED00E36BCD = {
						CreatedOnToolsVersion = 16.4;
					};
					8D1107260486CEB800E47090 = {
						DevelopmentTeam = 4ATFWV7M4B;
						ProvisioningStyle = Automatic;
					};
				};
			};
			buildConfigurationList = C01FCF4E08A954540054247B /* Build configuration list for PBXProject "Enjoyable" */;
			developmentRegion = en;
			hasScannedForEncodings = 1;
			knownRegions = (
				Base,
				en,
				de,
				fr,
			);
			mainGroup = 29B97314FDCFA39411CA2CEA /* Enjoy */;
			packageReferences = (
				2A8E0FBF2E74772D00E36BCD /* XCRemoteSwiftPackageReference "Sparkle" */,
			);
			preferredProjectObjectVersion = 77;
			projectDirPath = "";
			projectRoot = "";
			targets = (
				8D1107260486CEB800E47090 /* Enjoyable */,
				2A8E10692E747CED00E36BCD /* Publish */,
			);
		};
/* End PBXProject section */

/* Begin PBXResourcesBuildPhase section */
		8D1107290486CEB800E47090 /* Resources */ = {
			isa = PBXResourcesBuildPhase;
			buildActionMask = 2147483647;
			files = (
			);
			runOnlyForDeploymentPostprocessing = 0;
		};
/* End PBXResourcesBuildPhase section */

/* Begin PBXShellScriptBuildPhase section */
		2A8E10132E7478D000E36BCD /* Prepare Build */ = {
			isa = PBXShellScriptBuildPhase;
			buildActionMask = 2147483647;
			files = (
			);
			inputFileListPaths = (
			);
			inputPaths = (
			);
			name = "Prepare Build";
			outputFileListPaths = (
			);
			outputPaths = (
			);
			runOnlyForDeploymentPostprocessing = 0;
			shellPath = /bin/sh;
			shellScript = "#!/bin/bash\n\n# Ermittelt den aktuellen Benutzer\nSYS_USER=$(id -un)\n\n# Prüfen, ob das Upload-Verzeichnis existiert, und Dateien vorbereiten\nUPLOAD_DIR=\"/Volumes/Homeshare/Xcode/enjoyable/upload\"\n\nif [ -d \"$UPLOAD_DIR\" ]; then\n    # HTML-Datei kopieren\n    \n    cp \"/Users/$SYS_USER/Documents/Xcode/enjoyable/Enjoyable/enjoyable.html\" \"$UPLOAD_DIR/\"\n    \n    # Codesignieren der App\n    codesign --force --deep --sign \"Apple Development: s.lamprecht@sl-soft.de (85JZW6284R)\" \\\n        \"${TARGET_BUILD_DIR}/${PRODUCT_NAME}.app\"\n    \n    # App als ZIP-Archiv erstellen\n    ditto -c -k --sequesterRsrc --keepParent \\\n        \"${TARGET_BUILD_DIR}/${PRODUCT_NAME}.app\" \"$UPLOAD_DIR/enjoyable.zip\"\nfi\n\n# Sicherstellen, dass keine alte Version der App auf dem Desktop existiert\nDESKTOP_APP=\"/Users/$SYS_USER/Desktop/${PRODUCT_NAME}.app\"\nif [ -d \"$DESKTOP_APP\" ]; then\n    rm -rf \"$DESKTOP_APP\"\nfi\n\n# App auf den Desktop kopieren\ncp -a \"${TARGET_BUILD_DIR}/${PRODUCT_NAME}.app\" \"/Users/$SYS_USER/Desktop/\"\n\n# App auf dem Desktop erneut codesignieren\ncodesign --force --deep --sign \"Apple Development: s.lamprecht@sl-soft.de (85JZW6284R)\" \"$DESKTOP_APP\"\n\n\n";
		};
		2A8E106D2E747D0000E36BCD /* Publish */ = {
			isa = PBXShellScriptBuildPhase;
			buildActionMask = 2147483647;
			files = (
			);
			inputFileListPaths = (
			);
			inputPaths = (
			);
			name = Publish;
			outputFileListPaths = (
			);
			outputPaths = (
			);
			runOnlyForDeploymentPostprocessing = 0;
			shellPath = /bin/sh;
			shellScript = "# Type a script or drag a script file from your workspace to insert its path.\n\n\nbash /Volumes/Homeshare/Xcode/enjoyable/push.command\n\n\n\n";
		};
/* End PBXShellScriptBuildPhase section */

/* Begin PBXSourcesBuildPhase section */
		8D11072C0486CEB800E47090 /* Sources */ = {
			isa = PBXSourcesBuildPhase;
			buildActionMask = 2147483647;
			files = (
			);
			runOnlyForDeploymentPostprocessing = 0;
		};
/* End PBXSourcesBuildPhase section */

/* Begin XCBuildConfiguration section */
		2A8E106B2E747CED00E36BCD /* Debug */ = {
			isa = XCBuildConfiguration;
			buildSettings = {
				CODE_SIGN_STYLE = Automatic;
				DEVELOPMENT_TEAM = 4ATFWV7M4B;
				PRODUCT_NAME = "$(TARGET_NAME)";
			};
			name = Debug;
		};
		2A8E106C2E747CED00E36BCD /* Release */ = {
			isa = XCBuildConfiguration;
			buildSettings = {
				CODE_SIGN_STYLE = Automatic;
				DEVELOPMENT_TEAM = 4ATFWV7M4B;
				PRODUCT_NAME = "$(TARGET_NAME)";
			};
			name = Release;
		};
		C01FCF4B08A954540054247B /* Debug */ = {
			isa = XCBuildConfiguration;
			buildSettings = {
				ALWAYS_SEARCH_USER_PATHS = NO;
				ASSETCATALOG_COMPILER_APPICON_NAME = AppIcon;
				CLANG_ENABLE_OBJC_ARC = YES;
				CLANG_WARN_EMPTY_BODY = YES;
				CLANG_WARN_IMPLICIT_SIGN_CONVERSION = NO;
				CODE_SIGN_IDENTITY = "Apple Development";
				"CODE_SIGN_IDENTITY[sdk=macosx*]" = "Apple Development";
				CODE_SIGN_STYLE = Automatic;
				COMBINE_HIDPI_IMAGES = YES;
				COPY_PHASE_STRIP = NO;
				CURRENT_PROJECT_VERSION = 130;
				DEVELOPMENT_TEAM = 4ATFWV7M4B;
				FRAMEWORK_SEARCH_PATHS = (
					"$(inherited)",
					"\"$(SRCROOT)\"",
				);
				GCC_C_LANGUAGE_STANDARD = c99;
				GCC_DYNAMIC_NO_PIC = NO;
				GCC_MODEL_TUNING = G5;
				GCC_OPTIMIZATION_LEVEL = 0;
				GCC_PRECOMPILE_PREFIX_HEADER = YES;
				GCC_PREFIX_HEADER = "Enjoyable/Other Sources/Enjoyable_Prefix.pch";
				GCC_WARN_ABOUT_MISSING_FIELD_INITIALIZERS = YES;
				GCC_WARN_FOUR_CHARACTER_CONSTANTS = YES;
				INFOPLIST_FILE = Enjoyable/Info.plist;
				INFOPLIST_KEY_LSApplicationCategoryType = "public.app-category.utilities";
				INSTALL_PATH = "$(HOME)/Applications";
				LD_RUNPATH_SEARCH_PATHS = (
					"@executable_path/../Frameworks",
					"$(inherited)",
				);
				MACOSX_DEPLOYMENT_TARGET = 10.15.4;
				MARKETING_VERSION = 1.3.0;
				PRODUCT_BUNDLE_IDENTIFIER = de.slsoft.Enjoyable;
				PRODUCT_NAME = Enjoyable;
				PROVISIONING_PROFILE = "";
				PROVISIONING_PROFILE_SPECIFIER = "";
			};
			name = Debug;
		};
		C01FCF4C08A954540054247B /* Release */ = {
			isa = XCBuildConfiguration;
			buildSettings = {
				ALWAYS_SEARCH_USER_PATHS = NO;
				ASSETCATALOG_COMPILER_APPICON_NAME = AppIcon;
				CLANG_ENABLE_OBJC_ARC = YES;
				CLANG_WARN_EMPTY_BODY = YES;
				CLANG_WARN_IMPLICIT_SIGN_CONVERSION = NO;
				CODE_SIGN_IDENTITY = "Apple Development";
				"CODE_SIGN_IDENTITY[sdk=macosx*]" = "Apple Development";
				CODE_SIGN_STYLE = Automatic;
				COMBINE_HIDPI_IMAGES = YES;
				CURRENT_PROJECT_VERSION = 130;
				DEBUG_INFORMATION_FORMAT = "dwarf-with-dsym";
				DEVELOPMENT_TEAM = 4ATFWV7M4B;
				FRAMEWORK_SEARCH_PATHS = (
					"$(inherited)",
					"\"$(SRCROOT)\"",
				);
				GCC_C_LANGUAGE_STANDARD = c99;
				GCC_MODEL_TUNING = G5;
				GCC_PRECOMPILE_PREFIX_HEADER = YES;
				GCC_PREFIX_HEADER = "Enjoyable/Other Sources/Enjoyable_Prefix.pch";
				GCC_WARN_ABOUT_MISSING_FIELD_INITIALIZERS = YES;
				GCC_WARN_FOUR_CHARACTER_CONSTANTS = YES;
				INFOPLIST_FILE = Enjoyable/Info.plist;
				INFOPLIST_KEY_LSApplicationCategoryType = "public.app-category.utilities";
				INSTALL_PATH = "$(HOME)/Applications";
				LD_RUNPATH_SEARCH_PATHS = (
					"@executable_path/../Frameworks",
					"$(inherited)",
				);
				MACOSX_DEPLOYMENT_TARGET = 10.15.4;
				MARKETING_VERSION = 1.3.0;
				PRODUCT_BUNDLE_IDENTIFIER = de.slsoft.Enjoyable;
				PRODUCT_NAME = Enjoyable;
				PROVISIONING_PROFILE = "";
				PROVISIONING_PROFILE_SPECIFIER = "";
			};
			name = Release;
		};
		C01FCF4F08A954540054247B /* Debug */ = {
			isa = XCBuildConfiguration;
			buildSettings = {
				CLANG_ANALYZER_LOCALIZABILITY_NONLOCALIZED = YES;
				CLANG_ENABLE_OBJC_ARC = YES;
				CLANG_WARN_ASSIGN_ENUM = YES;
				CLANG_WARN_DEPRECATED_OBJC_IMPLEMENTATIONS = YES;
				CLANG_WARN_ENUM_CONVERSION = YES;
				CLANG_WARN_IMPLICIT_SIGN_CONVERSION = YES;
				CLANG_WARN_INT_CONVERSION = YES;
				CLANG_WARN_OBJC_IMPLICIT_ATOMIC_PROPERTIES = YES;
				CLANG_WARN_OBJC_IMPLICIT_RETAIN_SELF = YES;
				CLANG_WARN_OBJC_RECEIVER_WEAK = NO;
				CLANG_WARN_OBJC_REPEATED_USE_OF_WEAK = NO;
				CLANG_WARN_SUSPICIOUS_IMPLICIT_CONVERSION = YES;
				CLANG_WARN_UNREACHABLE_CODE = YES;
				CLANG_WARN__DUPLICATE_METHOD_MATCH = YES;
				CODE_SIGN_IDENTITY = "";
				GCC_C_LANGUAGE_STANDARD = c99;
				GCC_OPTIMIZATION_LEVEL = 0;
				GCC_PREPROCESSOR_DEFINITIONS = "DEBUG=1";
				GCC_TREAT_IMPLICIT_FUNCTION_DECLARATIONS_AS_ERRORS = YES;
				GCC_TREAT_INCOMPATIBLE_POINTER_TYPE_WARNINGS_AS_ERRORS = YES;
				GCC_TREAT_WARNINGS_AS_ERRORS = YES;
				GCC_WARN_64_TO_32_BIT_CONVERSION = YES;
				GCC_WARN_ABOUT_MISSING_NEWLINE = YES;
				GCC_WARN_ABOUT_MISSING_PROTOTYPES = YES;
				GCC_WARN_ABOUT_RETURN_TYPE = YES;
				GCC_WARN_INITIALIZER_NOT_FULLY_BRACKETED = YES;
				GCC_WARN_MULTIPLE_DEFINITION_TYPES_FOR_SELECTOR = YES;
				GCC_WARN_PEDANTIC = YES;
				GCC_WARN_SHADOW = YES;
				GCC_WARN_SIGN_COMPARE = YES;
				GCC_WARN_STRICT_SELECTOR_MATCH = NO;
				GCC_WARN_UNDECLARED_SELECTOR = YES;
				GCC_WARN_UNINITIALIZED_AUTOS = YES;
				GCC_WARN_UNUSED_FUNCTION = YES;
				GCC_WARN_UNUSED_LABEL = YES;
				GCC_WARN_UNUSED_VARIABLE = YES;
				MACOSX_DEPLOYMENT_TARGET = 10.15.4;
				ONLY_ACTIVE_ARCH = NO;
				RUN_CLANG_STATIC_ANALYZER = YES;
				SDKROOT = macosx;
				VALID_ARCHS = "arm64 x86_64";
			};
			name = Debug;
		};
		C01FCF5008A954540054247B /* Release */ = {
			isa = XCBuildConfiguration;
			buildSettings = {
				CLANG_ANALYZER_LOCALIZABILITY_NONLOCALIZED = YES;
				CLANG_ENABLE_OBJC_ARC = YES;
				CLANG_WARN_ASSIGN_ENUM = YES;
				CLANG_WARN_DEPRECATED_OBJC_IMPLEMENTATIONS = YES;
				CLANG_WARN_ENUM_CONVERSION = YES;
				CLANG_WARN_IMPLICIT_SIGN_CONVERSION = YES;
				CLANG_WARN_INT_CONVERSION = YES;
				CLANG_WARN_OBJC_IMPLICIT_ATOMIC_PROPERTIES = YES;
				CLANG_WARN_OBJC_IMPLICIT_RETAIN_SELF = YES;
				CLANG_WARN_OBJC_RECEIVER_WEAK = NO;
				CLANG_WARN_OBJC_REPEATED_USE_OF_WEAK = NO;
				CLANG_WARN_SUSPICIOUS_IMPLICIT_CONVERSION = YES;
				CLANG_WARN_UNREACHABLE_CODE = YES;
				CLANG_WARN__DUPLICATE_METHOD_MATCH = YES;
				CODE_SIGN_IDENTITY = "";
				GCC_C_LANGUAGE_STANDARD = c99;
				GCC_TREAT_IMPLICIT_FUNCTION_DECLARATIONS_AS_ERRORS = YES;
				GCC_TREAT_INCOMPATIBLE_POINTER_TYPE_WARNINGS_AS_ERRORS = YES;
				GCC_TREAT_WARNINGS_AS_ERRORS = YES;
				GCC_WARN_64_TO_32_BIT_CONVERSION = YES;
				GCC_WARN_ABOUT_MISSING_NEWLINE = YES;
				GCC_WARN_ABOUT_MISSING_PROTOTYPES = YES;
				GCC_WARN_ABOUT_RETURN_TYPE = YES;
				GCC_WARN_INITIALIZER_NOT_FULLY_BRACKETED = YES;
				GCC_WARN_MULTIPLE_DEFINITION_TYPES_FOR_SELECTOR = YES;
				GCC_WARN_PEDANTIC = YES;
				GCC_WARN_SHADOW = YES;
				GCC_WARN_SIGN_COMPARE = YES;
				GCC_WARN_STRICT_SELECTOR_MATCH = NO;
				GCC_WARN_UNDECLARED_SELECTOR = YES;
				GCC_WARN_UNINITIALIZED_AUTOS = YES;
				GCC_WARN_UNUSED_FUNCTION = YES;
				GCC_WARN_UNUSED_LABEL = YES;
				GCC_WARN_UNUSED_VARIABLE = YES;
				MACOSX_DEPLOYMENT_TARGET = 10.15.4;
				ONLY_ACTIVE_ARCH = NO;
				RUN_CLANG_STATIC_ANALYZER = YES;
				SDKROOT = macosx;
				VALID_ARCHS = "arm64 x86_64";
			};
			name = Release;
		};
/* End XCBuildConfiguration section */

/* Begin XCConfigurationList section */
		2A8E106A2E747CED00E36BCD /* Build configuration list for PBXAggregateTarget "Publish" */ = {
			isa = XCConfigurationList;
			buildConfigurations = (
				2A8E106B2E747CED00E36BCD /* Debug */,
				2A8E106C2E747CED00E36BCD /* Release */,
			);
			defaultConfigurationIsVisible = 0;
			defaultConfigurationName = Release;
		};
		C01FCF4A08A954540054247B /* Build configuration list for PBXNativeTarget "Enjoyable" */ = {
			isa = XCConfigurationList;
			buildConfigurations = (
				C01FCF4B08A954540054247B /* Debug */,
				C01FCF4C08A954540054247B /* Release */,
			);
			defaultConfigurationIsVisible = 0;
			defaultConfigurationName = Release;
		};
		C01FCF4E08A954540054247B /* Build configuration list for PBXProject "Enjoyable" */ = {
			isa = XCConfigurationList;
			buildConfigurations = (
				C01FCF4F08A954540054247B /* Debug */,
				C01FCF5008A954540054247B /* Release */,
			);
			defaultConfigurationIsVisible = 0;
			defaultConfigurationName = Release;
		};
/* End XCConfigurationList section */

/* Begin XCRemoteSwiftPackageReference section */
		2A8E0FBF2E74772D00E36BCD /* XCRemoteSwiftPackageReference "Sparkle" */ = {
			isa = XCRemoteSwiftPackageReference;
			repositoryURL = "https://github.com/sparkle-project/Sparkle";
			requirement = {
				kind = upToNextMajorVersion;
				minimumVersion = 2.7.3;
			};
		};
/* End XCRemoteSwiftPackageReference section */

/* Begin XCSwiftPackageProductDependency section */
		2A8E10162E747BDE00E36BCD /* Sparkle */ = {
			isa = XCSwiftPackageProductDependency;
			package = 2A8E0FBF2E74772D00E36BCD /* XCRemoteSwiftPackageReference "Sparkle" */;
			productName = Sparkle;
		};
/* End XCSwiftPackageProductDependency section */
	};
	rootObject = 29B97313FDCFA39411CA2CEA /* Project object */;
}
